
Microsoft Visual Studio Solution File, Format Version 10.00
# Visual Studio 2008
Project("{FAE04EC0-301F-11D3-BF4B-00C04F79EFBC}") = "LinqOverArrayList", "LinqOverArrayList.csproj", "{93859D0D-5B39-4B1F-B0B7-FCB51C7907FC}"
EndProject
Global
	GlobalSection(SolutionConfigurationPlatforms) = preSolution
		Debug|Any CPU = Debug|Any CPU
		Release|Any CPU = Release|Any CPU
	EndGlobalSection
	GlobalSection(ProjectConfigurationPlatforms) = postSolution
		{93859D0D-5B39-4B1F-B0B7-FCB51C7907FC}.Debug|Any CPU.ActiveCfg = Debug|Any CPU
		{93859D0D-5B39-4B1F-B0B7-FCB51C7907FC}.Debug|Any CPU.Build.0 = Debug|Any CPU
		{93859D0D-5B39-4B1F-B0B7-FCB51C7907FC}.Release|Any CPU.ActiveCfg = Release|Any CPU
		{93859D0D-5B39-4B1F-B0B7-FCB51C7907FC}.Release|Any CPU.Build.0 = Release|Any CPU
	EndGlobalSection
	GlobalSection(SolutionProperties) = preSolution
		HideSolutionNode = FALSE
	EndGlobalSection
EndGlobal
