
Microsoft Visual Studio Solution File, Format Version 10.00
# Visual Studio 2008
Project("{FAE04EC0-301F-11D3-BF4B-00C04F79EFBC}") = "SimpleGC", "SimpleGC.csproj", "{72C001AA-5F58-49E0-8234-39A2371232E7}"
EndProject
Global
	GlobalSection(SolutionConfigurationPlatforms) = preSolution
		Debug|Any CPU = Debug|Any CPU
		Release|Any CPU = Release|Any CPU
	EndGlobalSection
	GlobalSection(ProjectConfigurationPlatforms) = postSolution
		{72C001AA-5F58-49E0-8234-39A2371232E7}.Debug|Any CPU.ActiveCfg = Debug|Any CPU
		{72C001AA-5F58-49E0-8234-39A2371232E7}.Debug|Any CPU.Build.0 = Debug|Any CPU
		{72C001AA-5F58-49E0-8234-39A2371232E7}.Release|Any CPU.ActiveCfg = Release|Any CPU
		{72C001AA-5F58-49E0-8234-39A2371232E7}.Release|Any CPU.Build.0 = Release|Any CPU
	EndGlobalSection
	GlobalSection(SolutionProperties) = preSolution
		HideSolutionNode = FALSE
	EndGlobalSection
EndGlobal
