
Microsoft Visual Studio Solution File, Format Version 10.00
# Visual Studio Codename Orcas
Project("{FAE04EC0-301F-11D3-BF4B-00C04F79EFBC}") = "FillDataSetWithSqlDataAdapter", "FillDataSetWithSqlDataAdapter.csproj", "{E987D31F-541E-4A62-85C3-7CD3A06EDF3C}"
EndProject
Global
	GlobalSection(SolutionConfigurationPlatforms) = preSolution
		Debug|Any CPU = Debug|Any CPU
		Release|Any CPU = Release|Any CPU
	EndGlobalSection
	GlobalSection(ProjectConfigurationPlatforms) = postSolution
		{E987D31F-541E-4A62-85C3-7CD3A06EDF3C}.Debug|Any CPU.ActiveCfg = Debug|Any CPU
		{E987D31F-541E-4A62-85C3-7CD3A06EDF3C}.Debug|Any CPU.Build.0 = Debug|Any CPU
		{E987D31F-541E-4A62-85C3-7CD3A06EDF3C}.Release|Any CPU.ActiveCfg = Release|Any CPU
		{E987D31F-541E-4A62-85C3-7CD3A06EDF3C}.Release|Any CPU.Build.0 = Release|Any CPU
	EndGlobalSection
	GlobalSection(SolutionProperties) = preSolution
		HideSolutionNode = FALSE
	EndGlobalSection
EndGlobal
