
Microsoft Visual Studio Solution File, Format Version 9.00
# Visual Studio 2005
Project("{FAE04EC0-301F-11D3-BF4B-00C04F79EFBC}") = "CSharpCarClient", "CSharpCarClient.csproj", "{49055EC4-06FF-41ED-AC0C-A4B90B58E363}"
EndProject
Global
	GlobalSection(SolutionConfigurationPlatforms) = preSolution
		Debug|Any CPU = Debug|Any CPU
		Release|Any CPU = Release|Any CPU
	EndGlobalSection
	GlobalSection(ProjectConfigurationPlatforms) = postSolution
		{49055EC4-06FF-41ED-AC0C-A4B90B58E363}.Debug|Any CPU.ActiveCfg = Debug|Any CPU
		{49055EC4-06FF-41ED-AC0C-A4B90B58E363}.Debug|Any CPU.Build.0 = Debug|Any CPU
		{49055EC4-06FF-41ED-AC0C-A4B90B58E363}.Release|Any CPU.ActiveCfg = Release|Any CPU
		{49055EC4-06FF-41ED-AC0C-A4B90B58E363}.Release|Any CPU.Build.0 = Release|Any CPU
	EndGlobalSection
	GlobalSection(SolutionProperties) = preSolution
		HideSolutionNode = FALSE
	EndGlobalSection
EndGlobal
