
Microsoft Visual Studio Solution File, Format Version 10.00
# Visual Studio Codename Orcas
Project("{FAE04EC0-301F-11D3-BF4B-00C04F79EFBC}") = "WindowsFormsInventoryUI", "WindowsFormsInventoryUI.csproj", "{C2AD34D6-C8F5-4494-BDC4-E7721434A190}"
EndProject
Global
	GlobalSection(SolutionConfigurationPlatforms) = preSolution
		Debug|Any CPU = Debug|Any CPU
		Release|Any CPU = Release|Any CPU
	EndGlobalSection
	GlobalSection(ProjectConfigurationPlatforms) = postSolution
		{C2AD34D6-C8F5-4494-BDC4-E7721434A190}.Debug|Any CPU.ActiveCfg = Debug|Any CPU
		{C2AD34D6-C8F5-4494-BDC4-E7721434A190}.Debug|Any CPU.Build.0 = Debug|Any CPU
		{C2AD34D6-C8F5-4494-BDC4-E7721434A190}.Release|Any CPU.ActiveCfg = Release|Any CPU
		{C2AD34D6-C8F5-4494-BDC4-E7721434A190}.Release|Any CPU.Build.0 = Release|Any CPU
	EndGlobalSection
	GlobalSection(SolutionProperties) = preSolution
		HideSolutionNode = FALSE
	EndGlobalSection
EndGlobal
