
Microsoft Visual Studio Solution File, Format Version 10.00
# Visual Studio 2008
Project("{FAE04EC0-301F-11D3-BF4B-00C04F79EFBC}") = "ListControls", "ListControls.csproj", "{881CB9E2-2443-4A93-9772-D97B913E5849}"
EndProject
Global
	GlobalSection(SolutionConfigurationPlatforms) = preSolution
		Debug|Any CPU = Debug|Any CPU
		Release|Any CPU = Release|Any CPU
	EndGlobalSection
	GlobalSection(ProjectConfigurationPlatforms) = postSolution
		{881CB9E2-2443-4A93-9772-D97B913E5849}.Debug|Any CPU.ActiveCfg = Debug|Any CPU
		{881CB9E2-2443-4A93-9772-D97B913E5849}.Debug|Any CPU.Build.0 = Debug|Any CPU
		{881CB9E2-2443-4A93-9772-D97B913E5849}.Release|Any CPU.ActiveCfg = Release|Any CPU
		{881CB9E2-2443-4A93-9772-D97B913E5849}.Release|Any CPU.Build.0 = Release|Any CPU
	EndGlobalSection
	GlobalSection(SolutionProperties) = preSolution
		HideSolutionNode = FALSE
	EndGlobalSection
EndGlobal
