
Microsoft Visual Studio Solution File, Format Version 10.00
# Visual Studio 2008
Project("{FAE04EC0-301F-11D3-BF4B-00C04F79EFBC}") = "FunWithSystemWindowsShapes", "FunWithSystemWindowsShapes.csproj", "{37C5EDC4-D4B3-47DD-A0B9-3A20FF5C6D54}"
EndProject
Global
	GlobalSection(SolutionConfigurationPlatforms) = preSolution
		Debug|Any CPU = Debug|Any CPU
		Release|Any CPU = Release|Any CPU
	EndGlobalSection
	GlobalSection(ProjectConfigurationPlatforms) = postSolution
		{37C5EDC4-D4B3-47DD-A0B9-3A20FF5C6D54}.Debug|Any CPU.ActiveCfg = Debug|Any CPU
		{37C5EDC4-D4B3-47DD-A0B9-3A20FF5C6D54}.Debug|Any CPU.Build.0 = Debug|Any CPU
		{37C5EDC4-D4B3-47DD-A0B9-3A20FF5C6D54}.Release|Any CPU.ActiveCfg = Release|Any CPU
		{37C5EDC4-D4B3-47DD-A0B9-3A20FF5C6D54}.Release|Any CPU.Build.0 = Release|Any CPU
	EndGlobalSection
	GlobalSection(SolutionProperties) = preSolution
		HideSolutionNode = FALSE
	EndGlobalSection
EndGlobal
