
Microsoft Visual Studio Solution File, Format Version 10.00
# Visual Studio Codename Orcas
Project("{FAE04EC0-301F-11D3-BF4B-00C04F79EFBC}") = "SimpleCSharpApp", "SimpleCSharpApp.csproj", "{AA432CEF-1FA1-4E82-A4CC-E85DE6889EBC}"
EndProject
Global
	GlobalSection(SolutionConfigurationPlatforms) = preSolution
		Debug|Any CPU = Debug|Any CPU
		Release|Any CPU = Release|Any CPU
	EndGlobalSection
	GlobalSection(ProjectConfigurationPlatforms) = postSolution
		{AA432CEF-1FA1-4E82-A4CC-E85DE6889EBC}.Debug|Any CPU.ActiveCfg = Debug|Any CPU
		{AA432CEF-1FA1-4E82-A4CC-E85DE6889EBC}.Debug|Any CPU.Build.0 = Debug|Any CPU
		{AA432CEF-1FA1-4E82-A4CC-E85DE6889EBC}.Release|Any CPU.ActiveCfg = Release|Any CPU
		{AA432CEF-1FA1-4E82-A4CC-E85DE6889EBC}.Release|Any CPU.Build.0 = Release|Any CPU
	EndGlobalSection
	GlobalSection(SolutionProperties) = preSolution
		HideSolutionNode = FALSE
	EndGlobalSection
EndGlobal
