
Microsoft Visual Studio Solution File, Format Version 10.00
# Visual Studio 2008
Project("{FAE04EC0-301F-11D3-BF4B-00C04F79EFBC}") = "MouseEventsApp", "MouseEventsApp.csproj", "{6BB77D7F-A792-4790-A3B8-851B7BE5724B}"
EndProject
Global
	GlobalSection(SolutionConfigurationPlatforms) = preSolution
		Debug|Any CPU = Debug|Any CPU
		Release|Any CPU = Release|Any CPU
	EndGlobalSection
	GlobalSection(ProjectConfigurationPlatforms) = postSolution
		{6BB77D7F-A792-4790-A3B8-851B7BE5724B}.Debug|Any CPU.ActiveCfg = Debug|Any CPU
		{6BB77D7F-A792-4790-A3B8-851B7BE5724B}.Debug|Any CPU.Build.0 = Debug|Any CPU
		{6BB77D7F-A792-4790-A3B8-851B7BE5724B}.Release|Any CPU.ActiveCfg = Release|Any CPU
		{6BB77D7F-A792-4790-A3B8-851B7BE5724B}.Release|Any CPU.Build.0 = Release|Any CPU
	EndGlobalSection
	GlobalSection(SolutionProperties) = preSolution
		HideSolutionNode = FALSE
	EndGlobalSection
EndGlobal
