
Microsoft Visual Studio Solution File, Format Version 10.00
# Visual Studio 2008
Project("{FAE04EC0-301F-11D3-BF4B-00C04F79EFBC}") = "SimpleException", "SimpleException.csproj", "{7DFCCF09-9A42-4E02-862D-568C70767F7B}"
EndProject
Global
	GlobalSection(SolutionConfigurationPlatforms) = preSolution
		Debug|Any CPU = Debug|Any CPU
		Release|Any CPU = Release|Any CPU
	EndGlobalSection
	GlobalSection(ProjectConfigurationPlatforms) = postSolution
		{7DFCCF09-9A42-4E02-862D-568C70767F7B}.Debug|Any CPU.ActiveCfg = Debug|Any CPU
		{7DFCCF09-9A42-4E02-862D-568C70767F7B}.Debug|Any CPU.Build.0 = Debug|Any CPU
		{7DFCCF09-9A42-4E02-862D-568C70767F7B}.Release|Any CPU.ActiveCfg = Release|Any CPU
		{7DFCCF09-9A42-4E02-862D-568C70767F7B}.Release|Any CPU.Build.0 = Release|Any CPU
	EndGlobalSection
	GlobalSection(SolutionProperties) = preSolution
		HideSolutionNode = FALSE
	EndGlobalSection
EndGlobal
