
Microsoft Visual Studio Solution File, Format Version 10.00
# Visual Studio 2008
Project("{FAE04EC0-301F-11D3-BF4B-00C04F79EFBC}") = "CustomConversions", "CustomConversions.csproj", "{DA320918-ED55-4D91-99E6-CD4B6E42D8DB}"
EndProject
Global
	GlobalSection(SolutionConfigurationPlatforms) = preSolution
		Debug|Any CPU = Debug|Any CPU
		Release|Any CPU = Release|Any CPU
	EndGlobalSection
	GlobalSection(ProjectConfigurationPlatforms) = postSolution
		{DA320918-ED55-4D91-99E6-CD4B6E42D8DB}.Debug|Any CPU.ActiveCfg = Debug|Any CPU
		{DA320918-ED55-4D91-99E6-CD4B6E42D8DB}.Debug|Any CPU.Build.0 = Debug|Any CPU
		{DA320918-ED55-4D91-99E6-CD4B6E42D8DB}.Release|Any CPU.ActiveCfg = Release|Any CPU
		{DA320918-ED55-4D91-99E6-CD4B6E42D8DB}.Release|Any CPU.Build.0 = Release|Any CPU
	EndGlobalSection
	GlobalSection(SolutionProperties) = preSolution
		HideSolutionNode = FALSE
	EndGlobalSection
EndGlobal
