
Microsoft Visual Studio Solution File, Format Version 10.00
# Visual Studio 2008
Project("{FAE04EC0-301F-11D3-BF4B-00C04F79EFBC}") = "MyConnectionFactory", "MyConnectionFactory\MyConnectionFactory.csproj", "{061CD3DE-32E8-45C6-A063-B7BE63EC0ED3}"
EndProject
Global
	GlobalSection(SolutionConfigurationPlatforms) = preSolution
		Debug|Any CPU = Debug|Any CPU
		Release|Any CPU = Release|Any CPU
	EndGlobalSection
	GlobalSection(ProjectConfigurationPlatforms) = postSolution
		{061CD3DE-32E8-45C6-A063-B7BE63EC0ED3}.Debug|Any CPU.ActiveCfg = Debug|Any CPU
		{061CD3DE-32E8-45C6-A063-B7BE63EC0ED3}.Debug|Any CPU.Build.0 = Debug|Any CPU
		{061CD3DE-32E8-45C6-A063-B7BE63EC0ED3}.Release|Any CPU.ActiveCfg = Release|Any CPU
		{061CD3DE-32E8-45C6-A063-B7BE63EC0ED3}.Release|Any CPU.Build.0 = Release|Any CPU
	EndGlobalSection
	GlobalSection(SolutionProperties) = preSolution
		HideSolutionNode = FALSE
	EndGlobalSection
EndGlobal
