
Microsoft Visual Studio Solution File, Format Version 10.00
# Visual Studio 2008
Project("{FAE04EC0-301F-11D3-BF4B-00C04F79EFBC}") = "DataProviderFactory", "DataProviderFactory\DataProviderFactory.csproj", "{B1F05F66-F3E0-4AB6-8486-563356D2A3A8}"
EndProject
Global
	GlobalSection(SolutionConfigurationPlatforms) = preSolution
		Debug|Any CPU = Debug|Any CPU
		Release|Any CPU = Release|Any CPU
	EndGlobalSection
	GlobalSection(ProjectConfigurationPlatforms) = postSolution
		{B1F05F66-F3E0-4AB6-8486-563356D2A3A8}.Debug|Any CPU.ActiveCfg = Debug|Any CPU
		{B1F05F66-F3E0-4AB6-8486-563356D2A3A8}.Debug|Any CPU.Build.0 = Debug|Any CPU
		{B1F05F66-F3E0-4AB6-8486-563356D2A3A8}.Release|Any CPU.ActiveCfg = Release|Any CPU
		{B1F05F66-F3E0-4AB6-8486-563356D2A3A8}.Release|Any CPU.Build.0 = Release|Any CPU
	EndGlobalSection
	GlobalSection(SolutionProperties) = preSolution
		HideSolutionNode = FALSE
	EndGlobalSection
EndGlobal
