
Microsoft Visual Studio Solution File, Format Version 10.00
# Visual Studio 2008
Project("{FAE04EC0-301F-11D3-BF4B-00C04F79EFBC}") = "PublicDelegateProblem", "PublicDelegateProblem.csproj", "{1C8AED32-57DA-4C8F-8346-57A60AD4FAE2}"
EndProject
Global
	GlobalSection(SolutionConfigurationPlatforms) = preSolution
		Debug|Any CPU = Debug|Any CPU
		Release|Any CPU = Release|Any CPU
	EndGlobalSection
	GlobalSection(ProjectConfigurationPlatforms) = postSolution
		{1C8AED32-57DA-4C8F-8346-57A60AD4FAE2}.Debug|Any CPU.ActiveCfg = Debug|Any CPU
		{1C8AED32-57DA-4C8F-8346-57A60AD4FAE2}.Debug|Any CPU.Build.0 = Debug|Any CPU
		{1C8AED32-57DA-4C8F-8346-57A60AD4FAE2}.Release|Any CPU.ActiveCfg = Release|Any CPU
		{1C8AED32-57DA-4C8F-8346-57A60AD4FAE2}.Release|Any CPU.Build.0 = Release|Any CPU
	EndGlobalSection
	GlobalSection(SolutionProperties) = preSolution
		HideSolutionNode = FALSE
	EndGlobalSection
EndGlobal
