
Microsoft Visual Studio Solution File, Format Version 10.00
# Visual Studio 2008
Project("{FAE04EC0-301F-11D3-BF4B-00C04F79EFBC}") = "AnimatedLabel", "AnimatedLabel.csproj", "{7113363D-7A07-470D-9882-077462BF7659}"
EndProject
Global
	GlobalSection(SolutionConfigurationPlatforms) = preSolution
		Debug|Any CPU = Debug|Any CPU
		Release|Any CPU = Release|Any CPU
	EndGlobalSection
	GlobalSection(ProjectConfigurationPlatforms) = postSolution
		{7113363D-7A07-470D-9882-077462BF7659}.Debug|Any CPU.ActiveCfg = Debug|Any CPU
		{7113363D-7A07-470D-9882-077462BF7659}.Debug|Any CPU.Build.0 = Debug|Any CPU
		{7113363D-7A07-470D-9882-077462BF7659}.Release|Any CPU.ActiveCfg = Release|Any CPU
		{7113363D-7A07-470D-9882-077462BF7659}.Release|Any CPU.Build.0 = Release|Any CPU
	EndGlobalSection
	GlobalSection(SolutionProperties) = preSolution
		HideSolutionNode = FALSE
	EndGlobalSection
EndGlobal
