
Microsoft Visual Studio Solution File, Format Version 10.00
# Visual Studio 2008
Project("{FAE04EC0-301F-11D3-BF4B-00C04F79EFBC}") = "CustomSpinButtonApp", "CustomSpinButtonApp.csproj", "{B9370E25-154C-4E23-999E-4768A982329E}"
EndProject
Global
	GlobalSection(SolutionConfigurationPlatforms) = preSolution
		Debug|Any CPU = Debug|Any CPU
		Release|Any CPU = Release|Any CPU
	EndGlobalSection
	GlobalSection(ProjectConfigurationPlatforms) = postSolution
		{B9370E25-154C-4E23-999E-4768A982329E}.Debug|Any CPU.ActiveCfg = Debug|Any CPU
		{B9370E25-154C-4E23-999E-4768A982329E}.Debug|Any CPU.Build.0 = Debug|Any CPU
		{B9370E25-154C-4E23-999E-4768A982329E}.Release|Any CPU.ActiveCfg = Release|Any CPU
		{B9370E25-154C-4E23-999E-4768A982329E}.Release|Any CPU.Build.0 = Release|Any CPU
	EndGlobalSection
	GlobalSection(SolutionProperties) = preSolution
		HideSolutionNode = FALSE
	EndGlobalSection
EndGlobal
